
Microsoft Visual Studio Solution File, Format Version 12.00
# Visual Studio Version 17
VisualStudioVersion = 17.8.34330.188
MinimumVisualStudioVersion = 10.0.40219.1
Project("{9A19103F-16F7-4668-BE54-9A1E7A4F7556}") = "Catalog.API", "Services\Catalog\Catalog.API\Catalog.API.csproj", "{EEAB0F47-DFFF-4BF2-94CD-0F82BCA1B698}"
EndProject
Project("{2150E333-8FDC-42A3-9474-1A3956D46DE8}") = "Services", "Services", "{854A26D9-BEF4-4A1E-B30C-7D58185EE1C3}"
EndProject
Project("{9A19103F-16F7-4668-BE54-9A1E7A4F7556}") = "Catalog.Core", "Services\Catalog\Catalog.Core\Catalog.Core\Catalog.Core.csproj", "{B70C70A8-AB9C-4F66-A3FF-E1A7BFD9B3CA}"
EndProject
Project("{9A19103F-16F7-4668-BE54-9A1E7A4F7556}") = "Catalog.Application", "Services\Catalog\Catalog.Application\Catalog.Application\Catalog.Application.csproj", "{DC7E4342-234D-4B90-BF7A-453D24218F6C}"
EndProject
Project("{9A19103F-16F7-4668-BE54-9A1E7A4F7556}") = "Catalog.Infrastructure", "Services\Catalog\Catalog.Infrastructure\Catalog.Infrastructure\Catalog.Infrastructure.csproj", "{9AB8FF0A-B8ED-41F9-804A-EE4D49C0862D}"
EndProject
Project("{E53339B2-1760-4266-BCC7-CA923CBCF16C}") = "docker-compose", "docker-compose.dcproj", "{A92412CF-0A07-452C-9DCF-EF3F436F8FA8}"
EndProject
Project("{2150E333-8FDC-42A3-9474-1A3956D46DE8}") = "Catalog", "Catalog", "{0E3D3473-A451-45CC-93EB-64A975643675}"
EndProject
Project("{2150E333-8FDC-42A3-9474-1A3956D46DE8}") = "Basket", "Basket", "{470E133E-314C-4262-8BF8-6B1DABD02CEC}"
EndProject
Project("{9A19103F-16F7-4668-BE54-9A1E7A4F7556}") = "Basket.API", "Services\Basket\Basket.API\Basket.API.csproj", "{8A80337B-7969-4558-A785-4281B9E47461}"
EndProject
Project("{9A19103F-16F7-4668-BE54-9A1E7A4F7556}") = "Basket.Core", "Services\Basket\Basket.Core\Basket.Core.csproj", "{9FF4F401-1B37-4641-B990-2E4D61BA73D9}"
EndProject
Project("{9A19103F-16F7-4668-BE54-9A1E7A4F7556}") = "Basket.Application", "Services\Basket\Basket.Application\Basket.Application.csproj", "{27B4A21A-1169-41AA-9CDE-89342546E9AD}"
EndProject
Project("{9A19103F-16F7-4668-BE54-9A1E7A4F7556}") = "Basket.Infrastructure", "Services\Basket\Basket.Infrastructure\Basket.Infrastructure.csproj", "{7C4A6539-F2F2-4E46-A3AD-F6E82154CF69}"
EndProject
Project("{2150E333-8FDC-42A3-9474-1A3956D46DE8}") = "Discount", "Discount", "{4A731D9E-02A6-438E-A1E1-D9E6EC950009}"
EndProject
Project("{9A19103F-16F7-4668-BE54-9A1E7A4F7556}") = "Discount.Infrastructure", "Services\Discount\Discount.Infrastructure\Discount.Infrastructure.csproj", "{926586D7-16E5-42F1-8911-D4F5013194D9}"
EndProject
Project("{9A19103F-16F7-4668-BE54-9A1E7A4F7556}") = "Discount.Core", "Services\Discount\Discount.Core\Discount.Core.csproj", "{C560E2B8-D096-44B8-8400-C98D99895F98}"
EndProject
Project("{9A19103F-16F7-4668-BE54-9A1E7A4F7556}") = "Discount.Application", "Services\Discount\Discount.Application\Discount.Application.csproj", "{1356C2BD-F29A-4F88-9625-65929D154D1C}"
EndProject
Project("{9A19103F-16F7-4668-BE54-9A1E7A4F7556}") = "Discount.API", "Services\Discount\Discount.API\Discount.API.csproj", "{F2881555-9CCD-43FA-A88A-83DF1F19FF63}"
EndProject
Project("{2150E333-8FDC-42A3-9474-1A3956D46DE8}") = "Ordering", "Ordering", "{8EF7A12B-2270-4F3C-AC14-44C668BF87FF}"
EndProject
Project("{9A19103F-16F7-4668-BE54-9A1E7A4F7556}") = "Ordering.API", "Services\Ordering\Ordering.API\Ordering.API.csproj", "{35EC3F59-AE95-47C8-8E6F-BAA3C09E23FA}"
EndProject
Project("{9A19103F-16F7-4668-BE54-9A1E7A4F7556}") = "Ordering.Application", "Services\Ordering\Ordering.Application\Ordering.Application.csproj", "{7A5B9FC2-3FFB-455B-9B19-D4941D7DCAD0}"
EndProject
Project("{9A19103F-16F7-4668-BE54-9A1E7A4F7556}") = "Ordering.Core", "Services\Ordering\Ordering.Core\Ordering.Core.csproj", "{DBAC1FA6-D887-48D5-B7FF-88A63D63D6EC}"
EndProject
Project("{9A19103F-16F7-4668-BE54-9A1E7A4F7556}") = "Ordering.Infrastructure", "Services\Ordering\Ordering.Infrastructure\Ordering.Infrastructure.csproj", "{4B26D69B-723A-4048-9830-74C918C25C1A}"
EndProject
Project("{2150E333-8FDC-42A3-9474-1A3956D46DE8}") = "Infrastructure", "Infrastructure", "{43AE81DA-6951-4F65-914C-7459D0B9E884}"
EndProject
Project("{FAE04EC0-301F-11D3-BF4B-00C04F79EFBC}") = "EventBus.Messages", "Infrastructure\EventBus.Messages\EventBus.Messages.csproj", "{32D3DA0E-48DE-4EC6-BECD-902A79A674A7}"
EndProject
Global
	GlobalSection(SolutionConfigurationPlatforms) = preSolution
		Debug|Any CPU = Debug|Any CPU
		Release|Any CPU = Release|Any CPU
	EndGlobalSection
	GlobalSection(ProjectConfigurationPlatforms) = postSolution
		{EEAB0F47-DFFF-4BF2-94CD-0F82BCA1B698}.Debug|Any CPU.ActiveCfg = Debug|Any CPU
		{EEAB0F47-DFFF-4BF2-94CD-0F82BCA1B698}.Debug|Any CPU.Build.0 = Debug|Any CPU
		{EEAB0F47-DFFF-4BF2-94CD-0F82BCA1B698}.Release|Any CPU.ActiveCfg = Release|Any CPU
		{EEAB0F47-DFFF-4BF2-94CD-0F82BCA1B698}.Release|Any CPU.Build.0 = Release|Any CPU
		{B70C70A8-AB9C-4F66-A3FF-E1A7BFD9B3CA}.Debug|Any CPU.ActiveCfg = Debug|Any CPU
		{B70C70A8-AB9C-4F66-A3FF-E1A7BFD9B3CA}.Debug|Any CPU.Build.0 = Debug|Any CPU
		{B70C70A8-AB9C-4F66-A3FF-E1A7BFD9B3CA}.Release|Any CPU.ActiveCfg = Release|Any CPU
		{B70C70A8-AB9C-4F66-A3FF-E1A7BFD9B3CA}.Release|Any CPU.Build.0 = Release|Any CPU
		{DC7E4342-234D-4B90-BF7A-453D24218F6C}.Debug|Any CPU.ActiveCfg = Debug|Any CPU
		{DC7E4342-234D-4B90-BF7A-453D24218F6C}.Debug|Any CPU.Build.0 = Debug|Any CPU
		{DC7E4342-234D-4B90-BF7A-453D24218F6C}.Release|Any CPU.ActiveCfg = Release|Any CPU
		{DC7E4342-234D-4B90-BF7A-453D24218F6C}.Release|Any CPU.Build.0 = Release|Any CPU
		{9AB8FF0A-B8ED-41F9-804A-EE4D49C0862D}.Debug|Any CPU.ActiveCfg = Debug|Any CPU
		{9AB8FF0A-B8ED-41F9-804A-EE4D49C0862D}.Debug|Any CPU.Build.0 = Debug|Any CPU
		{9AB8FF0A-B8ED-41F9-804A-EE4D49C0862D}.Release|Any CPU.ActiveCfg = Release|Any CPU
		{9AB8FF0A-B8ED-41F9-804A-EE4D49C0862D}.Release|Any CPU.Build.0 = Release|Any CPU
		{A92412CF-0A07-452C-9DCF-EF3F436F8FA8}.Debug|Any CPU.ActiveCfg = Debug|Any CPU
		{A92412CF-0A07-452C-9DCF-EF3F436F8FA8}.Debug|Any CPU.Build.0 = Debug|Any CPU
		{A92412CF-0A07-452C-9DCF-EF3F436F8FA8}.Release|Any CPU.ActiveCfg = Release|Any CPU
		{A92412CF-0A07-452C-9DCF-EF3F436F8FA8}.Release|Any CPU.Build.0 = Release|Any CPU
		{8A80337B-7969-4558-A785-4281B9E47461}.Debug|Any CPU.ActiveCfg = Debug|Any CPU
		{8A80337B-7969-4558-A785-4281B9E47461}.Debug|Any CPU.Build.0 = Debug|Any CPU
		{8A80337B-7969-4558-A785-4281B9E47461}.Release|Any CPU.ActiveCfg = Release|Any CPU
		{8A80337B-7969-4558-A785-4281B9E47461}.Release|Any CPU.Build.0 = Release|Any CPU
		{9FF4F401-1B37-4641-B990-2E4D61BA73D9}.Debug|Any CPU.ActiveCfg = Debug|Any CPU
		{9FF4F401-1B37-4641-B990-2E4D61BA73D9}.Debug|Any CPU.Build.0 = Debug|Any CPU
		{9FF4F401-1B37-4641-B990-2E4D61BA73D9}.Release|Any CPU.ActiveCfg = Release|Any CPU
		{9FF4F401-1B37-4641-B990-2E4D61BA73D9}.Release|Any CPU.Build.0 = Release|Any CPU
		{27B4A21A-1169-41AA-9CDE-89342546E9AD}.Debug|Any CPU.ActiveCfg = Debug|Any CPU
		{27B4A21A-1169-41AA-9CDE-89342546E9AD}.Debug|Any CPU.Build.0 = Debug|Any CPU
		{27B4A21A-1169-41AA-9CDE-89342546E9AD}.Release|Any CPU.ActiveCfg = Release|Any CPU
		{27B4A21A-1169-41AA-9CDE-89342546E9AD}.Release|Any CPU.Build.0 = Release|Any CPU
		{7C4A6539-F2F2-4E46-A3AD-F6E82154CF69}.Debug|Any CPU.ActiveCfg = Debug|Any CPU
		{7C4A6539-F2F2-4E46-A3AD-F6E82154CF69}.Debug|Any CPU.Build.0 = Debug|Any CPU
		{7C4A6539-F2F2-4E46-A3AD-F6E82154CF69}.Release|Any CPU.ActiveCfg = Release|Any CPU
		{7C4A6539-F2F2-4E46-A3AD-F6E82154CF69}.Release|Any CPU.Build.0 = Release|Any CPU
		{926586D7-16E5-42F1-8911-D4F5013194D9}.Debug|Any CPU.ActiveCfg = Debug|Any CPU
		{926586D7-16E5-42F1-8911-D4F5013194D9}.Debug|Any CPU.Build.0 = Debug|Any CPU
		{926586D7-16E5-42F1-8911-D4F5013194D9}.Release|Any CPU.ActiveCfg = Release|Any CPU
		{926586D7-16E5-42F1-8911-D4F5013194D9}.Release|Any CPU.Build.0 = Release|Any CPU
		{C560E2B8-D096-44B8-8400-C98D99895F98}.Debug|Any CPU.ActiveCfg = Debug|Any CPU
		{C560E2B8-D096-44B8-8400-C98D99895F98}.Debug|Any CPU.Build.0 = Debug|Any CPU
		{C560E2B8-D096-44B8-8400-C98D99895F98}.Release|Any CPU.ActiveCfg = Release|Any CPU
		{C560E2B8-D096-44B8-8400-C98D99895F98}.Release|Any CPU.Build.0 = Release|Any CPU
		{1356C2BD-F29A-4F88-9625-65929D154D1C}.Debug|Any CPU.ActiveCfg = Debug|Any CPU
		{1356C2BD-F29A-4F88-9625-65929D154D1C}.Debug|Any CPU.Build.0 = Debug|Any CPU
		{1356C2BD-F29A-4F88-9625-65929D154D1C}.Release|Any CPU.ActiveCfg = Release|Any CPU
		{1356C2BD-F29A-4F88-9625-65929D154D1C}.Release|Any CPU.Build.0 = Release|Any CPU
		{F2881555-9CCD-43FA-A88A-83DF1F19FF63}.Debug|Any CPU.ActiveCfg = Debug|Any CPU
		{F2881555-9CCD-43FA-A88A-83DF1F19FF63}.Debug|Any CPU.Build.0 = Debug|Any CPU
		{F2881555-9CCD-43FA-A88A-83DF1F19FF63}.Release|Any CPU.ActiveCfg = Release|Any CPU
		{F2881555-9CCD-43FA-A88A-83DF1F19FF63}.Release|Any CPU.Build.0 = Release|Any CPU
		{35EC3F59-AE95-47C8-8E6F-BAA3C09E23FA}.Debug|Any CPU.ActiveCfg = Debug|Any CPU
		{35EC3F59-AE95-47C8-8E6F-BAA3C09E23FA}.Debug|Any CPU.Build.0 = Debug|Any CPU
		{35EC3F59-AE95-47C8-8E6F-BAA3C09E23FA}.Release|Any CPU.ActiveCfg = Release|Any CPU
		{35EC3F59-AE95-47C8-8E6F-BAA3C09E23FA}.Release|Any CPU.Build.0 = Release|Any CPU
		{7A5B9FC2-3FFB-455B-9B19-D4941D7DCAD0}.Debug|Any CPU.ActiveCfg = Debug|Any CPU
		{7A5B9FC2-3FFB-455B-9B19-D4941D7DCAD0}.Debug|Any CPU.Build.0 = Debug|Any CPU
		{7A5B9FC2-3FFB-455B-9B19-D4941D7DCAD0}.Release|Any CPU.ActiveCfg = Release|Any CPU
		{7A5B9FC2-3FFB-455B-9B19-D4941D7DCAD0}.Release|Any CPU.Build.0 = Release|Any CPU
		{DBAC1FA6-D887-48D5-B7FF-88A63D63D6EC}.Debug|Any CPU.ActiveCfg = Debug|Any CPU
		{DBAC1FA6-D887-48D5-B7FF-88A63D63D6EC}.Debug|Any CPU.Build.0 = Debug|Any CPU
		{DBAC1FA6-D887-48D5-B7FF-88A63D63D6EC}.Release|Any CPU.ActiveCfg = Release|Any CPU
		{DBAC1FA6-D887-48D5-B7FF-88A63D63D6EC}.Release|Any CPU.Build.0 = Release|Any CPU
		{4B26D69B-723A-4048-9830-74C918C25C1A}.Debug|Any CPU.ActiveCfg = Debug|Any CPU
		{4B26D69B-723A-4048-9830-74C918C25C1A}.Debug|Any CPU.Build.0 = Debug|Any CPU
		{4B26D69B-723A-4048-9830-74C918C25C1A}.Release|Any CPU.ActiveCfg = Release|Any CPU
		{4B26D69B-723A-4048-9830-74C918C25C1A}.Release|Any CPU.Build.0 = Release|Any CPU
		{32D3DA0E-48DE-4EC6-BECD-902A79A674A7}.Debug|Any CPU.ActiveCfg = Debug|Any CPU
		{32D3DA0E-48DE-4EC6-BECD-902A79A674A7}.Debug|Any CPU.Build.0 = Debug|Any CPU
		{32D3DA0E-48DE-4EC6-BECD-902A79A674A7}.Release|Any CPU.ActiveCfg = Release|Any CPU
		{32D3DA0E-48DE-4EC6-BECD-902A79A674A7}.Release|Any CPU.Build.0 = Release|Any CPU
	EndGlobalSection
	GlobalSection(SolutionProperties) = preSolution
		HideSolutionNode = FALSE
	EndGlobalSection
	GlobalSection(NestedProjects) = preSolution
		{EEAB0F47-DFFF-4BF2-94CD-0F82BCA1B698} = {0E3D3473-A451-45CC-93EB-64A975643675}
		{B70C70A8-AB9C-4F66-A3FF-E1A7BFD9B3CA} = {0E3D3473-A451-45CC-93EB-64A975643675}
		{DC7E4342-234D-4B90-BF7A-453D24218F6C} = {0E3D3473-A451-45CC-93EB-64A975643675}
		{9AB8FF0A-B8ED-41F9-804A-EE4D49C0862D} = {0E3D3473-A451-45CC-93EB-64A975643675}
		{0E3D3473-A451-45CC-93EB-64A975643675} = {854A26D9-BEF4-4A1E-B30C-7D58185EE1C3}
		{470E133E-314C-4262-8BF8-6B1DABD02CEC} = {854A26D9-BEF4-4A1E-B30C-7D58185EE1C3}
		{8A80337B-7969-4558-A785-4281B9E47461} = {470E133E-314C-4262-8BF8-6B1DABD02CEC}
		{9FF4F401-1B37-4641-B990-2E4D61BA73D9} = {470E133E-314C-4262-8BF8-6B1DABD02CEC}
		{27B4A21A-1169-41AA-9CDE-89342546E9AD} = {470E133E-314C-4262-8BF8-6B1DABD02CEC}
		{7C4A6539-F2F2-4E46-A3AD-F6E82154CF69} = {470E133E-314C-4262-8BF8-6B1DABD02CEC}
		{4A731D9E-02A6-438E-A1E1-D9E6EC950009} = {854A26D9-BEF4-4A1E-B30C-7D58185EE1C3}
		{926586D7-16E5-42F1-8911-D4F5013194D9} = {4A731D9E-02A6-438E-A1E1-D9E6EC950009}
		{C560E2B8-D096-44B8-8400-C98D99895F98} = {4A731D9E-02A6-438E-A1E1-D9E6EC950009}
		{1356C2BD-F29A-4F88-9625-65929D154D1C} = {4A731D9E-02A6-438E-A1E1-D9E6EC950009}
		{F2881555-9CCD-43FA-A88A-83DF1F19FF63} = {4A731D9E-02A6-438E-A1E1-D9E6EC950009}
		{8EF7A12B-2270-4F3C-AC14-44C668BF87FF} = {854A26D9-BEF4-4A1E-B30C-7D58185EE1C3}
		{35EC3F59-AE95-47C8-8E6F-BAA3C09E23FA} = {8EF7A12B-2270-4F3C-AC14-44C668BF87FF}
		{7A5B9FC2-3FFB-455B-9B19-D4941D7DCAD0} = {8EF7A12B-2270-4F3C-AC14-44C668BF87FF}
		{DBAC1FA6-D887-48D5-B7FF-88A63D63D6EC} = {8EF7A12B-2270-4F3C-AC14-44C668BF87FF}
		{4B26D69B-723A-4048-9830-74C918C25C1A} = {8EF7A12B-2270-4F3C-AC14-44C668BF87FF}
		{32D3DA0E-48DE-4EC6-BECD-902A79A674A7} = {43AE81DA-6951-4F65-914C-7459D0B9E884}
	EndGlobalSection
	GlobalSection(ExtensibilityGlobals) = postSolution
		SolutionGuid = {733A08A3-C8CC-48C7-BB96-E3806F908BBC}
	EndGlobalSection
EndGlobal
